
Microsoft Visual Studio Solution File, Format Version 12.00
# Visual Studio 15
VisualStudioVersion = 15.0.35213.121
MinimumVisualStudioVersion = 10.0.40219.1
Project("{E24C65DC-7377-472B-9ABA-BC803B73C61A}") = "MasterPageNew", "MasterPageNew\", "{7C61D480-61E1-40EE-B5CF-5C393D0AB2C4}"
	ProjectSection(WebsiteProperties) = preProject
		TargetFrameworkMoniker = ".NETFramework,Version%3Dv4.8"
		Debug.AspNetCompiler.VirtualPath = "/localhost_62920"
		Debug.AspNetCompiler.PhysicalPath = "MasterPageNew\"
		Debug.AspNetCompiler.TargetPath = "PrecompiledWeb\localhost_62920\"
		Debug.AspNetCompiler.Updateable = "true"
		Debug.AspNetCompiler.ForceOverwrite = "true"
		Debug.AspNetCompiler.FixedNames = "false"
		Debug.AspNetCompiler.Debug = "True"
		Release.AspNetCompiler.VirtualPath = "/localhost_62920"
		Release.AspNetCompiler.PhysicalPath = "MasterPageNew\"
		Release.AspNetCompiler.TargetPath = "PrecompiledWeb\localhost_62920\"
		Release.AspNetCompiler.Updateable = "true"
		Release.AspNetCompiler.ForceOverwrite = "true"
		Release.AspNetCompiler.FixedNames = "false"
		Release.AspNetCompiler.Debug = "False"
		VWDPort = "62920"
		SlnRelativePath = "MasterPageNew\"
		DefaultWebSiteLanguage = "Visual C#"
	EndProjectSection
EndProject
Global
	GlobalSection(SolutionConfigurationPlatforms) = preSolution
		Debug|Any CPU = Debug|Any CPU
	EndGlobalSection
	GlobalSection(ProjectConfigurationPlatforms) = postSolution
		{7C61D480-61E1-40EE-B5CF-5C393D0AB2C4}.Debug|Any CPU.ActiveCfg = Debug|Any CPU
		{7C61D480-61E1-40EE-B5CF-5C393D0AB2C4}.Debug|Any CPU.Build.0 = Debug|Any CPU
	EndGlobalSection
	GlobalSection(SolutionProperties) = preSolution
		HideSolutionNode = FALSE
	EndGlobalSection
	GlobalSection(ExtensibilityGlobals) = postSolution
		SolutionGuid = {44BCA865-49ED-4381-B52C-2B36FE2F298E}
	EndGlobalSection
EndGlobal
