
Microsoft Visual Studio Solution File, Format Version 12.00
# Visual Studio 15
VisualStudioVersion = 15.0.35213.121
MinimumVisualStudioVersion = 10.0.40219.1
Project("{FAE04EC0-301F-11D3-BF4B-00C04F79EFBC}") = "UseDatabase", "UseDatabase\UseDatabase.csproj", "{EAFE5CB6-4D72-4F60-9448-B1560C410C62}"
EndProject
Global
	GlobalSection(SolutionConfigurationPlatforms) = preSolution
		Debug|Any CPU = Debug|Any CPU
		Release|Any CPU = Release|Any CPU
	EndGlobalSection
	GlobalSection(ProjectConfigurationPlatforms) = postSolution
		{EAFE5CB6-4D72-4F60-9448-B1560C410C62}.Debug|Any CPU.ActiveCfg = Debug|Any CPU
		{EAFE5CB6-4D72-4F60-9448-B1560C410C62}.Debug|Any CPU.Build.0 = Debug|Any CPU
		{EAFE5CB6-4D72-4F60-9448-B1560C410C62}.Release|Any CPU.ActiveCfg = Release|Any CPU
		{EAFE5CB6-4D72-4F60-9448-B1560C410C62}.Release|Any CPU.Build.0 = Release|Any CPU
	EndGlobalSection
	GlobalSection(SolutionProperties) = preSolution
		HideSolutionNode = FALSE
	EndGlobalSection
	GlobalSection(ExtensibilityGlobals) = postSolution
		SolutionGuid = {D8EFBD40-AC0E-4721-8FC6-9CD20AF1AA7C}
	EndGlobalSection
EndGlobal
